
Microsoft Visual Studio Solution File, Format Version 11.00
# Visual Studio 2010
Project("{FAE04EC0-301F-11D3-BF4B-00C04F79EFBC}") = "SWCam", "Assembly-CSharp-firstpass.csproj", "{26247EC5-5FEB-59A3-F033-C23CA1BA8029}"
EndProject
Project("{FAE04EC0-301F-11D3-BF4B-00C04F79EFBC}") = "SWCam", "Assembly-CSharp.csproj", "{CBEC2059-2367-A9AB-C919-9D03C859F8A4}"
EndProject
Project("{FAE04EC0-301F-11D3-BF4B-00C04F79EFBC}") = "SWCam", "Assembly-CSharp-Editor-firstpass.csproj", "{84747A30-7BF0-CFA6-45BB-E3F7BF381FE2}"
EndProject
Global
	GlobalSection(SolutionConfigurationPlatforms) = preSolution
		Debug|Any CPU = Debug|Any CPU
		Release|Any CPU = Release|Any CPU
	EndGlobalSection
	GlobalSection(ProjectConfigurationPlatforms) = postSolution
		{26247EC5-5FEB-59A3-F033-C23CA1BA8029}.Debug|Any CPU.ActiveCfg = Debug|Any CPU
		{26247EC5-5FEB-59A3-F033-C23CA1BA8029}.Debug|Any CPU.Build.0 = Debug|Any CPU
		{26247EC5-5FEB-59A3-F033-C23CA1BA8029}.Release|Any CPU.ActiveCfg = Release|Any CPU
		{26247EC5-5FEB-59A3-F033-C23CA1BA8029}.Release|Any CPU.Build.0 = Release|Any CPU
		{CBEC2059-2367-A9AB-C919-9D03C859F8A4}.Debug|Any CPU.ActiveCfg = Debug|Any CPU
		{CBEC2059-2367-A9AB-C919-9D03C859F8A4}.Debug|Any CPU.Build.0 = Debug|Any CPU
		{CBEC2059-2367-A9AB-C919-9D03C859F8A4}.Release|Any CPU.ActiveCfg = Release|Any CPU
		{CBEC2059-2367-A9AB-C919-9D03C859F8A4}.Release|Any CPU.Build.0 = Release|Any CPU
		{84747A30-7BF0-CFA6-45BB-E3F7BF381FE2}.Debug|Any CPU.ActiveCfg = Debug|Any CPU
		{84747A30-7BF0-CFA6-45BB-E3F7BF381FE2}.Debug|Any CPU.Build.0 = Debug|Any CPU
		{84747A30-7BF0-CFA6-45BB-E3F7BF381FE2}.Release|Any CPU.ActiveCfg = Release|Any CPU
		{84747A30-7BF0-CFA6-45BB-E3F7BF381FE2}.Release|Any CPU.Build.0 = Release|Any CPU
	EndGlobalSection
	GlobalSection(SolutionProperties) = preSolution
		HideSolutionNode = FALSE
	EndGlobalSection
	GlobalSection(MonoDevelopProperties) = preSolution
		StartupItem = Assembly-CSharp.csproj
	EndGlobalSection
EndGlobal
